[[dependencies]]
name = "@openzeppelin-contracts"
version = "5.7.0"
url = "https://soldeer-revisions.s3.amazonaws.com/@openzeppelin-contracts/5_7_0_29-07-2026_19:34:46_contracts.zip"
checksum = "fe08a24bc34334b2976c6ad69a0d74bdfa63de8a5c8528579060f25a11fb5cd5"
integrity = "3e13bc4d96bdef6e35f6b1e0dc0e455843a958edc597750dff20ca50295b767d"

[[dependencies]]
name = "@openzeppelin-contracts-upgradeable"
version = "5.7.0"
url = "https://soldeer-revisions.s3.amazonaws.com/@openzeppelin-contracts-upgradeable/5_7_0_29-07-2026_19:34:58_contracts-upgradeable.zip"
checksum = "fba3ad8586bf64281bab2aecd2cf0eb31227ccc5976f962d400e8cc5898da413"
integrity = "1a08068b2fe262d4f6ae80e0be44965480b1a532d40722c80634d8963337743d"

[[dependencies]]
name = "forge-std"
version = "1.17.0"
url = "https://soldeer-revisions.s3.amazonaws.com/forge-std/1_17_0_01-10-2026_10:59:49_forge-std-1.17.zip"
checksum = "a77ad38d5fbef0ec10d1f4d191698e5fbaa2bffbee5d1aced91a39da5e9b908c"
integrity = "fa706c8a7caf3426c90f75e6aafa3224b0a6c899b490800cf6944e4ec42f9344"

[[dependencies]]
name = "rain-extrospection"
version = "0.1.14"
url = "https://soldeer-revisions.s3.amazonaws.com/rain-extrospection/0_1_14_06-09-2026_09:00:43_rain.zip"
checksum = "a9f34937f66c48c8cd15a700ccebc56c25b6a8af32f0b8757fcfa92be8bbfb56"
integrity = "4fda4ce47b006de0619aba0591a00cece86454a5867643d99412bc57790cdce0"

[[dependencies]]
name = "rain-factory"
version = "0.1.30"
url = "https://soldeer-revisions.s3.amazonaws.com/rain-factory/0_1_30_21-09-2026_12:10:56_rain.zip"
checksum = "fb058ca8cc5153090a49d4885f76031b2291a87310d06417d631a2a78a105049"
integrity = "e782d94d46b3a1a762ff3fffaad11463e571a59b19df5549f575425ce3a0a3fd"

[[dependencies]]
name = "rain-math-fixedpoint"
version = "0.2.2"
url = "https://soldeer-revisions.s3.amazonaws.com/rain-math-fixedpoint/0_2_2_01-10-2026_22:26:31_rain.math.zip"
checksum = "982b4c8d70d76ba933d65e9eefb515417537474a7c4b59e640f82d0bd5ff79b7"
integrity = "7a311375a8aa65ca50e11f19413ae2bfe9103d9efdda27a67f08f25cd7022ff8"

[[dependencies]]
name = "rain-math-float"
version = "0.2.5"
url = "https://soldeer-revisions.s3.amazonaws.com/rain-math-float/0_2_5_02-10-2026_10:34:50_rain.math.zip"
checksum = "403c9a47d91114bbcaffbfe4d9c4240f7e760f86b896daa6d75d1ca891cc72b8"
integrity = "b14524ac29868af6dbaabd1086f53e142b8f1170d994972eb948fa646f817768"

[[dependencies]]
name = "rain-string"
version = "0.3.9"
url = "https://soldeer-revisions.s3.amazonaws.com/rain-string/0_3_9_25-08-2026_10:18:31_rain.zip"
checksum = "fbeecc1f85d4449728c600abe78667db8367df5c391591195fe3bfc6bffd868e"
integrity = "898116147f72443a8c34315abbeb9906d8a4665fdcbb39e6ad70ddd84354db53"

[[dependencies]]
name = "rain-verify-interface"
version = "0.1.0"
url = "https://soldeer-revisions.s3.amazonaws.com/rain-verify-interface/0_1_0_14-05-2026_09:35:51_rain.verify.zip"
checksum = "780098e43c6f07d4fb020e2c3c72e1f5f4836eec6ccfeb1eb34646b664188e89"
integrity = "f2bcbeb84854cb1f628e2f3cd79cce0444ee21010b4dc368c0410acd17261074"

[[dependencies]]
name = "solady"
version = "0.1.26"
url = "https://soldeer-revisions.s3.amazonaws.com/solady/0_1_26_25-08-2025_15:30:06_solady.zip"
checksum = "9872ac7cfd32c1eba32800508a1325c49f4a4aa8c6f670454db91971a583e26b"
integrity = "5da4b5ca9cbad98812a4b75ad528ff34c72a0b84433204be6d1420c81de1d6ff"
